
Microsoft Visual Studio Solution File, Format Version 12.00
# Visual Studio Version 16
VisualStudioVersion = 16.0.30517.126
MinimumVisualStudioVersion = 10.0.40219.1
Project("{FAE04EC0-301F-11D3-BF4B-00C04F79EFBC}") = "WebIOT", "WebIOT\WebIOT.csproj", "{15F7AD57-CED2-4812-B63B-844915FA9884}"
EndProject
Global
	GlobalSection(SolutionConfigurationPlatforms) = preSolution
		Debug|Any CPU = Debug|Any CPU
		Release|Any CPU = Release|Any CPU
	EndGlobalSection
	GlobalSection(ProjectConfigurationPlatforms) = postSolution
		{15F7AD57-CED2-4812-B63B-844915FA9884}.Debug|Any CPU.ActiveCfg = Debug|Any CPU
		{15F7AD57-CED2-4812-B63B-844915FA9884}.Debug|Any CPU.Build.0 = Debug|Any CPU
		{15F7AD57-CED2-4812-B63B-844915FA9884}.Release|Any CPU.ActiveCfg = Release|Any CPU
		{15F7AD57-CED2-4812-B63B-844915FA9884}.Release|Any CPU.Build.0 = Release|Any CPU
	EndGlobalSection
	GlobalSection(SolutionProperties) = preSolution
		HideSolutionNode = FALSE
	EndGlobalSection
	GlobalSection(ExtensibilityGlobals) = postSolution
		SolutionGuid = {1134DE1A-611B-469A-8B16-5B4772BB34F4}
	EndGlobalSection
EndGlobal
