
Microsoft Visual Studio Solution File, Format Version 12.00
# Visual Studio Version 16
VisualStudioVersion = 16.0.30517.126
MinimumVisualStudioVersion = 10.0.40219.1
Project("{9A19103F-16F7-4668-BE54-9A1E7A4F7556}") = "WebIOT", "WebIOT\WebIOT.csproj", "{15F7AD57-CED2-4812-B63B-844915FA9884}"
EndProject
Project("{00D1A9C2-B5F0-4AF3-8072-F6C62B433612}") = "Database", "Database\Database.sqlproj", "{494F7D8B-CBEB-476E-852A-9644E02BE8DE}"
EndProject
Project("{2150E333-8FDC-42A3-9474-1A3956D46DE8}") = "Publish", "Publish", "{D3B04718-02E3-4E11-A254-56DFAE3EE967}"
	ProjectSection(SolutionItems) = preProject
		..\..\..\..\Downloads\site1.PublishSettings = ..\..\..\..\Downloads\site1.PublishSettings
	EndProjectSection
EndProject
Project("{FAE04EC0-301F-11D3-BF4B-00C04F79EFBC}") = "IOTGatewayApp", "IOTGatewayApp\IOTGatewayApp.csproj", "{868C1392-6B4D-4116-904D-D7620C912C7A}"
EndProject
Global
	GlobalSection(SolutionConfigurationPlatforms) = preSolution
		Debug|Any CPU = Debug|Any CPU
		DebugCommercial3|Any CPU = DebugCommercial3|Any CPU
		Release|Any CPU = Release|Any CPU
	EndGlobalSection
	GlobalSection(ProjectConfigurationPlatforms) = postSolution
		{15F7AD57-CED2-4812-B63B-844915FA9884}.Debug|Any CPU.ActiveCfg = Debug|Any CPU
		{15F7AD57-CED2-4812-B63B-844915FA9884}.Debug|Any CPU.Build.0 = Debug|Any CPU
		{15F7AD57-CED2-4812-B63B-844915FA9884}.DebugCommercial3|Any CPU.ActiveCfg = Debug|Any CPU
		{15F7AD57-CED2-4812-B63B-844915FA9884}.DebugCommercial3|Any CPU.Build.0 = Debug|Any CPU
		{15F7AD57-CED2-4812-B63B-844915FA9884}.Release|Any CPU.ActiveCfg = Release|Any CPU
		{15F7AD57-CED2-4812-B63B-844915FA9884}.Release|Any CPU.Build.0 = Release|Any CPU
		{494F7D8B-CBEB-476E-852A-9644E02BE8DE}.Debug|Any CPU.ActiveCfg = Debug|Any CPU
		{494F7D8B-CBEB-476E-852A-9644E02BE8DE}.Debug|Any CPU.Build.0 = Debug|Any CPU
		{494F7D8B-CBEB-476E-852A-9644E02BE8DE}.Debug|Any CPU.Deploy.0 = Debug|Any CPU
		{494F7D8B-CBEB-476E-852A-9644E02BE8DE}.DebugCommercial3|Any CPU.ActiveCfg = Debug|Any CPU
		{494F7D8B-CBEB-476E-852A-9644E02BE8DE}.DebugCommercial3|Any CPU.Build.0 = Debug|Any CPU
		{494F7D8B-CBEB-476E-852A-9644E02BE8DE}.DebugCommercial3|Any CPU.Deploy.0 = Debug|Any CPU
		{494F7D8B-CBEB-476E-852A-9644E02BE8DE}.Release|Any CPU.ActiveCfg = Release|Any CPU
		{494F7D8B-CBEB-476E-852A-9644E02BE8DE}.Release|Any CPU.Build.0 = Release|Any CPU
		{494F7D8B-CBEB-476E-852A-9644E02BE8DE}.Release|Any CPU.Deploy.0 = Release|Any CPU
		{868C1392-6B4D-4116-904D-D7620C912C7A}.Debug|Any CPU.ActiveCfg = Debug|Any CPU
		{868C1392-6B4D-4116-904D-D7620C912C7A}.Debug|Any CPU.Build.0 = Debug|Any CPU
		{868C1392-6B4D-4116-904D-D7620C912C7A}.DebugCommercial3|Any CPU.ActiveCfg = Debug|Any CPU
		{868C1392-6B4D-4116-904D-D7620C912C7A}.DebugCommercial3|Any CPU.Build.0 = Debug|Any CPU
		{868C1392-6B4D-4116-904D-D7620C912C7A}.Release|Any CPU.ActiveCfg = Release|Any CPU
		{868C1392-6B4D-4116-904D-D7620C912C7A}.Release|Any CPU.Build.0 = Release|Any CPU
	EndGlobalSection
	GlobalSection(SolutionProperties) = preSolution
		HideSolutionNode = FALSE
	EndGlobalSection
	GlobalSection(ExtensibilityGlobals) = postSolution
		SolutionGuid = {1134DE1A-611B-469A-8B16-5B4772BB34F4}
	EndGlobalSection
EndGlobal
